// !$*UTF8*$!
{
	archiveVersion = 1;
	classes = {
	};
	objectVersion = 47;
	objects = {

/* Begin PBXBuildFile section */
		6E0294671B11D26200D88559 /* MovingImagesDemo.xib in Resources */ = {isa = PBXBuildFile; fileRef = 6E0294661B11D26200D88559 /* MovingImagesDemo.xib */; };
		6E02946C1B11D4DB00D88559 /* SimpleRenderer.xib in Resources */ = {isa = PBXBuildFile; fileRef = 6E02946B1B11D4DB00D88559 /* SimpleRenderer.xib */; };
		6E0294761B1205BC00D88559 /* SpinnerPopover.xib in Resources */ = {isa = PBXBuildFile; fileRef = 6E0294751B1205BC00D88559 /* SpinnerPopover.xib */; };
		6E0294771B1205BC00D88559 /* SpinnerPopover.xib in Resources */ = {isa = PBXBuildFile; fileRef = 6E0294751B1205BC00D88559 /* SpinnerPopover.xib */; };
		6E0294791B12372C00D88559 /* simple_renderer_AZukiniIcon.json in Resources */ = {isa = PBXBuildFile; fileRef = 6E0294781B12372C00D88559 /* simple_renderer_AZukiniIcon.json */; };
		6E02947B1B13CDA800D88559 /* renderer_AZukiniLogo.json in Resources */ = {isa = PBXBuildFile; fileRef = 6E02947A1B13CDA800D88559 /* renderer_AZukiniLogo.json */; };
		6E0294801B1B46A400D88559 /* Movies in Resources */ = {isa = PBXBuildFile; fileRef = 6E02947E1B1B46A400D88559 /* Movies */; };
		6E0294811B1B46A400D88559 /* Pictures in Resources */ = {isa = PBXBuildFile; fileRef = 6E02947F1B1B46A400D88559 /* Pictures */; };
		6E3FF0AF1AD1D68700AD45AD /* simple_renderer_Bluecamera.json in Resources */ = {isa = PBXBuildFile; fileRef = 6E3FF0AE1AD1D68700AD45AD /* simple_renderer_Bluecamera.json */; };
		6E3FF0B11AD53EE500AD45AD /* simple_renderer_Fillrect.json in Resources */ = {isa = PBXBuildFile; fileRef = 6E3FF0B01AD53EE500AD45AD /* simple_renderer_Fillrect.json */; };
		6E3FF0B31AD544E700AD45AD /* simple_renderer_Strokeoval.json in Resources */ = {isa = PBXBuildFile; fileRef = 6E3FF0B21AD544E700AD45AD /* simple_renderer_Strokeoval.json */; };
		6E3FF0B51AD5646D00AD45AD /* Sculpture.jpg in Resources */ = {isa = PBXBuildFile; fileRef = 6E3FF0B41AD5646D00AD45AD /* Sculpture.jpg */; };
		6E3FF0B71AD56C0700AD45AD /* simple_renderer_ScaleAndRotateImage.json in Resources */ = {isa = PBXBuildFile; fileRef = 6E3FF0B61AD56C0700AD45AD /* simple_renderer_ScaleAndRotateImage.json */; };
		6E3FF0B91AD5791A00AD45AD /* simple_renderer_CropImage.json in Resources */ = {isa = PBXBuildFile; fileRef = 6E3FF0B81AD5791A00AD45AD /* simple_renderer_CropImage.json */; };
		6E5CBB5D1B0239D200BF8FB7 /* ZukiniDemoController.swift in Sources */ = {isa = PBXBuildFile; fileRef = 6E5CBB5B1B0239D200BF8FB7 /* ZukiniDemoController.swift */; };
		6E5CBB631B023E9D00BF8FB7 /* ZukiniDemo.xib in Resources */ = {isa = PBXBuildFile; fileRef = 6E5CBB611B023E9D00BF8FB7 /* ZukiniDemo.xib */; };
		6E5CBB651B023FA200BF8FB7 /* drawarc.json in Resources */ = {isa = PBXBuildFile; fileRef = 6EC4C44E1ACCB77B00314829 /* drawarc.json */; };
		6E5CBB661B023FC400BF8FB7 /* Sculpture.jpg in Resources */ = {isa = PBXBuildFile; fileRef = 6E3FF0B41AD5646D00AD45AD /* Sculpture.jpg */; };
		6E5CBB671B02426400BF8FB7 /* SimpleRendererView.swift in Sources */ = {isa = PBXBuildFile; fileRef = 6EC4C4381AC9BD6B00314829 /* SimpleRendererView.swift */; };
		6E5CBB681B024FB700BF8FB7 /* SimpleRendererView.swift in Sources */ = {isa = PBXBuildFile; fileRef = 6EC4C4381AC9BD6B00314829 /* SimpleRendererView.swift */; };
		6E5CBB691B02521300BF8FB7 /* SimpleRendererView.swift in Sources */ = {isa = PBXBuildFile; fileRef = 6EC4C4381AC9BD6B00314829 /* SimpleRendererView.swift */; };
		6E5CBB6A1B02527C00BF8FB7 /* drawarc.json in Resources */ = {isa = PBXBuildFile; fileRef = 6EC4C44E1ACCB77B00314829 /* drawarc.json */; };
		6E5CBB6B1B025B0C00BF8FB7 /* SimpleRendererView.swift in Sources */ = {isa = PBXBuildFile; fileRef = 6EC4C4381AC9BD6B00314829 /* SimpleRendererView.swift */; };
		6E5CBB6C1B0350FD00BF8FB7 /* drawarc.json in Resources */ = {isa = PBXBuildFile; fileRef = 6EC4C44E1ACCB77B00314829 /* drawarc.json */; };
		6E61EE0F1AF50006000DAB79 /* SpinnerController.swift in Sources */ = {isa = PBXBuildFile; fileRef = 6E61EE0E1AF50006000DAB79 /* SpinnerController.swift */; };
		6E61EE101AF50006000DAB79 /* SpinnerController.swift in Sources */ = {isa = PBXBuildFile; fileRef = 6E61EE0E1AF50006000DAB79 /* SpinnerController.swift */; };
		6E61EE181AF5004A000DAB79 /* SpinnerPopoverController.swift in Sources */ = {isa = PBXBuildFile; fileRef = 6E61EE171AF5004A000DAB79 /* SpinnerPopoverController.swift */; };
		6E61EE191AF5004A000DAB79 /* SpinnerPopoverController.swift in Sources */ = {isa = PBXBuildFile; fileRef = 6E61EE171AF5004A000DAB79 /* SpinnerPopoverController.swift */; };
		6E61EE251AFB667F000DAB79 /* simple_renderer_DrawArc.json in Resources */ = {isa = PBXBuildFile; fileRef = 6E61EE241AFB667F000DAB79 /* simple_renderer_DrawArc.json */; };
		6E74B31F1B0F6A4B00015E68 /* simple_renderer_AZukiniLogo.json in Resources */ = {isa = PBXBuildFile; fileRef = 6E74B31E1B0F6A4B00015E68 /* simple_renderer_AZukiniLogo.json */; };
		6E8DE3FA1AD59C660029A64D /* simple_renderer_DrawText.json in Resources */ = {isa = PBXBuildFile; fileRef = 6E8DE3F91AD59C660029A64D /* simple_renderer_DrawText.json */; };
		6EA4D1751ADAAC9200A33936 /* simple_renderer_RobotArm.json in Resources */ = {isa = PBXBuildFile; fileRef = 6EA4D1741ADAAC9200A33936 /* simple_renderer_RobotArm.json */; };
		6EA4D1761ADE91EC00A33936 /* ZukiniUtilities.swift in Sources */ = {isa = PBXBuildFile; fileRef = 6ECE89DC1AD830B800BE8FB0 /* ZukiniUtilities.swift */; };
		6EA4D1771ADE91ED00A33936 /* ZukiniUtilities.swift in Sources */ = {isa = PBXBuildFile; fileRef = 6ECE89DC1AD830B800BE8FB0 /* ZukiniUtilities.swift */; };
		6EA4D1791ADED89800A33936 /* MovingImages.framework in CopyFiles */ = {isa = PBXBuildFile; fileRef = 6EC4C4361AC9BB6700314829 /* MovingImages.framework */; settings = {ATTRIBUTES = (CodeSignOnCopy, RemoveHeadersOnCopy, ); }; };
		6EA6803E1B1F28DB00C88104 /* renderer_ZukiniGIF.json in Resources */ = {isa = PBXBuildFile; fileRef = 6EA6803D1B1F28DB00C88104 /* renderer_ZukiniGIF.json */; };
		6EA680401B2855E300C88104 /* renderer_AddZukiniLogoToMovie.json in Resources */ = {isa = PBXBuildFile; fileRef = 6EA6803F1B2855E300C88104 /* renderer_AddZukiniLogoToMovie.json */; };
		6EBC3B8A1AD5D8730040D5DD /* simple_renderer_DrawTextInOval.json in Resources */ = {isa = PBXBuildFile; fileRef = 6EBC3B891AD5D8730040D5DD /* simple_renderer_DrawTextInOval.json */; };
		6EBC3B8C1AD5FC5B0040D5DD /* simple_renderer_DrawTextInnerShadow.json in Resources */ = {isa = PBXBuildFile; fileRef = 6EBC3B8B1AD5FC5B0040D5DD /* simple_renderer_DrawTextInnerShadow.json */; };
		6EC4C4141AC9983000314829 /* AppDelegate.swift in Sources */ = {isa = PBXBuildFile; fileRef = 6EC4C4131AC9983000314829 /* AppDelegate.swift */; };
		6EC4C4161AC9983000314829 /* Images.xcassets in Resources */ = {isa = PBXBuildFile; fileRef = 6EC4C4151AC9983000314829 /* Images.xcassets */; };
		6EC4C4251AC9983000314829 /* MovingImages_DemoTests.swift in Sources */ = {isa = PBXBuildFile; fileRef = 6EC4C4241AC9983000314829 /* MovingImages_DemoTests.swift */; };
		6EC4C4341AC9A1A900314829 /* SimpleRenderer.swift in Sources */ = {isa = PBXBuildFile; fileRef = 6EC4C4321AC9A1A900314829 /* SimpleRenderer.swift */; };
		6EC4C4371AC9BB6700314829 /* MovingImages.framework in Frameworks */ = {isa = PBXBuildFile; fileRef = 6EC4C4361AC9BB6700314829 /* MovingImages.framework */; };
		6EC4C43C1ACC40DE00314829 /* MovingImages.framework in CopyFiles */ = {isa = PBXBuildFile; fileRef = 6EC4C4361AC9BB6700314829 /* MovingImages.framework */; settings = {ATTRIBUTES = (CodeSignOnCopy, RemoveHeadersOnCopy, ); }; };
		6EC4C44F1ACCB77B00314829 /* drawarc.json in Resources */ = {isa = PBXBuildFile; fileRef = 6EC4C44E1ACCB77B00314829 /* drawarc.json */; };
		6EC4C4511AD02D0E00314829 /* MovingImages.framework in Frameworks */ = {isa = PBXBuildFile; fileRef = 6EC4C4361AC9BB6700314829 /* MovingImages.framework */; };
		6ECE89B41AD7F0A900BE8FB0 /* simple_renderer_GradientFill.json in Resources */ = {isa = PBXBuildFile; fileRef = 6ECE89B31AD7F0A900BE8FB0 /* simple_renderer_GradientFill.json */; };
		6ECE89B61AD7F78700BE8FB0 /* simple_renderer_DrawWithTransparencyLayer.json in Resources */ = {isa = PBXBuildFile; fileRef = 6ECE89B51AD7F78700BE8FB0 /* simple_renderer_DrawWithTransparencyLayer.json */; };
		6ECE89C01AD82E6700BE8FB0 /* AppDelegate.swift in Sources */ = {isa = PBXBuildFile; fileRef = 6ECE89BF1AD82E6700BE8FB0 /* AppDelegate.swift */; };
		6ECE89C21AD82E6700BE8FB0 /* Images.xcassets in Resources */ = {isa = PBXBuildFile; fileRef = 6ECE89C11AD82E6700BE8FB0 /* Images.xcassets */; };
		6ECE89C51AD82E6700BE8FB0 /* MainMenu.xib in Resources */ = {isa = PBXBuildFile; fileRef = 6ECE89C31AD82E6700BE8FB0 /* MainMenu.xib */; };
		6ECE89D11AD82E6700BE8FB0 /* Zukini_DemoTests.swift in Sources */ = {isa = PBXBuildFile; fileRef = 6ECE89D01AD82E6700BE8FB0 /* Zukini_DemoTests.swift */; };
		6ECE89D81AD82E8A00BE8FB0 /* MovingImages.framework in Frameworks */ = {isa = PBXBuildFile; fileRef = 6EC4C4361AC9BB6700314829 /* MovingImages.framework */; };
		6ECE89D91AD82E8B00BE8FB0 /* MovingImages.framework in Frameworks */ = {isa = PBXBuildFile; fileRef = 6EC4C4361AC9BB6700314829 /* MovingImages.framework */; };
		6ECE89DD1AD830B800BE8FB0 /* ZukiniUtilities.swift in Sources */ = {isa = PBXBuildFile; fileRef = 6ECE89DC1AD830B800BE8FB0 /* ZukiniUtilities.swift */; };
		6ECE89DE1AD830B800BE8FB0 /* ZukiniUtilities.swift in Sources */ = {isa = PBXBuildFile; fileRef = 6ECE89DC1AD830B800BE8FB0 /* ZukiniUtilities.swift */; };
		6EDC147B1AE41CA500C1DEA7 /* simple_renderer_LinearGradientCircle.json in Resources */ = {isa = PBXBuildFile; fileRef = 6EDC147A1AE41CA500C1DEA7 /* simple_renderer_LinearGradientCircle.json */; };
		6EDCC4C91B09F8E7003C0A09 /* ZukiniRendererView.swift in Sources */ = {isa = PBXBuildFile; fileRef = 6EDCC4C81B09F8E7003C0A09 /* ZukiniRendererView.swift */; };
/* End PBXBuildFile section */

/* Begin PBXContainerItemProxy section */
		6EC4C41F1AC9983000314829 /* PBXContainerItemProxy */ = {
			isa = PBXContainerItemProxy;
			containerPortal = 6EC4C4061AC9983000314829 /* Project object */;
			proxyType = 1;
			remoteGlobalIDString = 6EC4C40D1AC9983000314829;
			remoteInfo = "MovingImages Demo";
		};
		6ECE89CB1AD82E6700BE8FB0 /* PBXContainerItemProxy */ = {
			isa = PBXContainerItemProxy;
			containerPortal = 6EC4C4061AC9983000314829 /* Project object */;
			proxyType = 1;
			remoteGlobalIDString = 6ECE89BA1AD82E6700BE8FB0;
			remoteInfo = "Zukini Demo";
		};
/* End PBXContainerItemProxy section */

/* Begin PBXCopyFilesBuildPhase section */
		6EA4D1781ADED88100A33936 /* CopyFiles */ = {
			isa = PBXCopyFilesBuildPhase;
			buildActionMask = 2147483647;
			dstPath = "";
			dstSubfolderSpec = 10;
			files = (
				6EA4D1791ADED89800A33936 /* MovingImages.framework in CopyFiles */,
			);
			runOnlyForDeploymentPostprocessing = 0;
		};
		6EC4C43B1ACC40CC00314829 /* CopyFiles */ = {
			isa = PBXCopyFilesBuildPhase;
			buildActionMask = 2147483647;
			dstPath = "";
			dstSubfolderSpec = 10;
			files = (
				6EC4C43C1ACC40DE00314829 /* MovingImages.framework in CopyFiles */,
			);
			runOnlyForDeploymentPostprocessing = 0;
		};
/* End PBXCopyFilesBuildPhase section */

/* Begin PBXFileReference section */
		6E0294661B11D26200D88559 /* MovingImagesDemo.xib */ = {isa = PBXFileReference; fileEncoding = 4; lastKnownFileType = file.xib; path = MovingImagesDemo.xib; sourceTree = "<group>"; };
		6E02946B1B11D4DB00D88559 /* SimpleRenderer.xib */ = {isa = PBXFileReference; fileEncoding = 4; lastKnownFileType = file.xib; path = SimpleRenderer.xib; sourceTree = "<group>"; };
		6E0294751B1205BC00D88559 /* SpinnerPopover.xib */ = {isa = PBXFileReference; fileEncoding = 4; lastKnownFileType = file.xib; path = SpinnerPopover.xib; sourceTree = SOURCE_ROOT; };
		6E0294781B12372C00D88559 /* simple_renderer_AZukiniIcon.json */ = {isa = PBXFileReference; fileEncoding = 4; lastKnownFileType = text.json; path = simple_renderer_AZukiniIcon.json; sourceTree = "<group>"; };
		6E02947A1B13CDA800D88559 /* renderer_AZukiniLogo.json */ = {isa = PBXFileReference; fileEncoding = 4; lastKnownFileType = text.json; path = renderer_AZukiniLogo.json; sourceTree = "<group>"; };
		6E02947E1B1B46A400D88559 /* Movies */ = {isa = PBXFileReference; lastKnownFileType = folder; path = Movies; sourceTree = "<group>"; };
		6E02947F1B1B46A400D88559 /* Pictures */ = {isa = PBXFileReference; lastKnownFileType = folder; path = Pictures; sourceTree = "<group>"; };
		6E3FF0AE1AD1D68700AD45AD /* simple_renderer_Bluecamera.json */ = {isa = PBXFileReference; fileEncoding = 4; lastKnownFileType = text.json; path = simple_renderer_Bluecamera.json; sourceTree = "<group>"; };
		6E3FF0B01AD53EE500AD45AD /* simple_renderer_Fillrect.json */ = {isa = PBXFileReference; fileEncoding = 4; lastKnownFileType = text.json; path = simple_renderer_Fillrect.json; sourceTree = "<group>"; };
		6E3FF0B21AD544E700AD45AD /* simple_renderer_Strokeoval.json */ = {isa = PBXFileReference; fileEncoding = 4; lastKnownFileType = text.json; path = simple_renderer_Strokeoval.json; sourceTree = "<group>"; };
		6E3FF0B41AD5646D00AD45AD /* Sculpture.jpg */ = {isa = PBXFileReference; lastKnownFileType = image.jpeg; path = Sculpture.jpg; sourceTree = "<group>"; };
		6E3FF0B61AD56C0700AD45AD /* simple_renderer_ScaleAndRotateImage.json */ = {isa = PBXFileReference; fileEncoding = 4; lastKnownFileType = text.json; path = simple_renderer_ScaleAndRotateImage.json; sourceTree = "<group>"; };
		6E3FF0B81AD5791A00AD45AD /* simple_renderer_CropImage.json */ = {isa = PBXFileReference; fileEncoding = 4; lastKnownFileType = text.json; path = simple_renderer_CropImage.json; sourceTree = "<group>"; };
		6E5CBB5B1B0239D200BF8FB7 /* ZukiniDemoController.swift */ = {isa = PBXFileReference; fileEncoding = 4; lastKnownFileType = sourcecode.swift; path = ZukiniDemoController.swift; sourceTree = "<group>"; };
		6E5CBB621B023E9D00BF8FB7 /* Base */ = {isa = PBXFileReference; lastKnownFileType = file.xib; name = Base; path = Base.lproj/ZukiniDemo.xib; sourceTree = "<group>"; };
		6E61EE0E1AF50006000DAB79 /* SpinnerController.swift */ = {isa = PBXFileReference; fileEncoding = 4; lastKnownFileType = sourcecode.swift; name = SpinnerController.swift; path = Spinner2/SpinnerController.swift; sourceTree = SOURCE_ROOT; };
		6E61EE171AF5004A000DAB79 /* SpinnerPopoverController.swift */ = {isa = PBXFileReference; fileEncoding = 4; lastKnownFileType = sourcecode.swift; name = SpinnerPopoverController.swift; path = Spinner2/SpinnerPopoverController.swift; sourceTree = SOURCE_ROOT; };
		6E61EE241AFB667F000DAB79 /* simple_renderer_DrawArc.json */ = {isa = PBXFileReference; fileEncoding = 4; lastKnownFileType = text.json; path = simple_renderer_DrawArc.json; sourceTree = "<group>"; };
		6E74B31C1B0CC03400015E68 /* renderer_AZukini.json */ = {isa = PBXFileReference; fileEncoding = 4; lastKnownFileType = text.json; path = renderer_AZukini.json; sourceTree = "<group>"; };
		6E74B31E1B0F6A4B00015E68 /* simple_renderer_AZukiniLogo.json */ = {isa = PBXFileReference; fileEncoding = 4; lastKnownFileType = text.json; path = simple_renderer_AZukiniLogo.json; sourceTree = "<group>"; };
		6E8DE3F91AD59C660029A64D /* simple_renderer_DrawText.json */ = {isa = PBXFileReference; fileEncoding = 4; lastKnownFileType = text.json; path = simple_renderer_DrawText.json; sourceTree = "<group>"; };
		6EA4D1741ADAAC9200A33936 /* simple_renderer_RobotArm.json */ = {isa = PBXFileReference; fileEncoding = 4; lastKnownFileType = text.json; path = simple_renderer_RobotArm.json; sourceTree = "<group>"; };
		6EA6803D1B1F28DB00C88104 /* renderer_ZukiniGIF.json */ = {isa = PBXFileReference; fileEncoding = 4; lastKnownFileType = text.json; path = renderer_ZukiniGIF.json; sourceTree = "<group>"; };
		6EA6803F1B2855E300C88104 /* renderer_AddZukiniLogoToMovie.json */ = {isa = PBXFileReference; fileEncoding = 4; lastKnownFileType = text.json; path = renderer_AddZukiniLogoToMovie.json; sourceTree = "<group>"; };
		6EBC3B891AD5D8730040D5DD /* simple_renderer_DrawTextInOval.json */ = {isa = PBXFileReference; fileEncoding = 4; lastKnownFileType = text.json; path = simple_renderer_DrawTextInOval.json; sourceTree = "<group>"; };
		6EBC3B8B1AD5FC5B0040D5DD /* simple_renderer_DrawTextInnerShadow.json */ = {isa = PBXFileReference; fileEncoding = 4; lastKnownFileType = text.json; path = simple_renderer_DrawTextInnerShadow.json; sourceTree = "<group>"; };
		6EC4C40E1AC9983000314829 /* MovingImages Demo.app */ = {isa = PBXFileReference; explicitFileType = wrapper.application; includeInIndex = 0; path = "MovingImages Demo.app"; sourceTree = BUILT_PRODUCTS_DIR; };
		6EC4C4121AC9983000314829 /* Info.plist */ = {isa = PBXFileReference; lastKnownFileType = text.plist.xml; path = Info.plist; sourceTree = "<group>"; };
		6EC4C4131AC9983000314829 /* AppDelegate.swift */ = {isa = PBXFileReference; lastKnownFileType = sourcecode.swift; path = AppDelegate.swift; sourceTree = "<group>"; };
		6EC4C4151AC9983000314829 /* Images.xcassets */ = {isa = PBXFileReference; lastKnownFileType = folder.assetcatalog; path = Images.xcassets; sourceTree = "<group>"; };
		6EC4C41E1AC9983000314829 /* MovingImages DemoTests.xctest */ = {isa = PBXFileReference; explicitFileType = wrapper.cfbundle; includeInIndex = 0; path = "MovingImages DemoTests.xctest"; sourceTree = BUILT_PRODUCTS_DIR; };
		6EC4C4231AC9983000314829 /* Info.plist */ = {isa = PBXFileReference; lastKnownFileType = text.plist.xml; path = Info.plist; sourceTree = "<group>"; };
		6EC4C4241AC9983000314829 /* MovingImages_DemoTests.swift */ = {isa = PBXFileReference; lastKnownFileType = sourcecode.swift; path = MovingImages_DemoTests.swift; sourceTree = "<group>"; };
		6EC4C4321AC9A1A900314829 /* SimpleRenderer.swift */ = {isa = PBXFileReference; fileEncoding = 4; lastKnownFileType = sourcecode.swift; path = SimpleRenderer.swift; sourceTree = "<group>"; };
		6EC4C4361AC9BB6700314829 /* MovingImages.framework */ = {isa = PBXFileReference; lastKnownFileType = wrapper.framework; path = MovingImages.framework; sourceTree = "<group>"; };
		6EC4C4381AC9BD6B00314829 /* SimpleRendererView.swift */ = {isa = PBXFileReference; fileEncoding = 4; lastKnownFileType = sourcecode.swift; path = SimpleRendererView.swift; sourceTree = "<group>"; };
		6EC4C44E1ACCB77B00314829 /* drawarc.json */ = {isa = PBXFileReference; fileEncoding = 4; lastKnownFileType = text.json; path = drawarc.json; sourceTree = "<group>"; };
		6ECE89B31AD7F0A900BE8FB0 /* simple_renderer_GradientFill.json */ = {isa = PBXFileReference; fileEncoding = 4; lastKnownFileType = text.json; path = simple_renderer_GradientFill.json; sourceTree = "<group>"; };
		6ECE89B51AD7F78700BE8FB0 /* simple_renderer_DrawWithTransparencyLayer.json */ = {isa = PBXFileReference; fileEncoding = 4; lastKnownFileType = text.json; path = simple_renderer_DrawWithTransparencyLayer.json; sourceTree = "<group>"; };
		6ECE89BB1AD82E6700BE8FB0 /* Zukini Demo.app */ = {isa = PBXFileReference; explicitFileType = wrapper.application; includeInIndex = 0; path = "Zukini Demo.app"; sourceTree = BUILT_PRODUCTS_DIR; };
		6ECE89BE1AD82E6700BE8FB0 /* Info.plist */ = {isa = PBXFileReference; lastKnownFileType = text.plist.xml; path = Info.plist; sourceTree = "<group>"; };
		6ECE89BF1AD82E6700BE8FB0 /* AppDelegate.swift */ = {isa = PBXFileReference; lastKnownFileType = sourcecode.swift; path = AppDelegate.swift; sourceTree = "<group>"; };
		6ECE89C11AD82E6700BE8FB0 /* Images.xcassets */ = {isa = PBXFileReference; lastKnownFileType = folder.assetcatalog; path = Images.xcassets; sourceTree = "<group>"; };
		6ECE89C41AD82E6700BE8FB0 /* Base */ = {isa = PBXFileReference; lastKnownFileType = file.xib; name = Base; path = Base.lproj/MainMenu.xib; sourceTree = "<group>"; };
		6ECE89CA1AD82E6700BE8FB0 /* Zukini DemoTests.xctest */ = {isa = PBXFileReference; explicitFileType = wrapper.cfbundle; includeInIndex = 0; path = "Zukini DemoTests.xctest"; sourceTree = BUILT_PRODUCTS_DIR; };
		6ECE89CF1AD82E6700BE8FB0 /* Info.plist */ = {isa = PBXFileReference; lastKnownFileType = text.plist.xml; path = Info.plist; sourceTree = "<group>"; };
		6ECE89D01AD82E6700BE8FB0 /* Zukini_DemoTests.swift */ = {isa = PBXFileReference; lastKnownFileType = sourcecode.swift; path = Zukini_DemoTests.swift; sourceTree = "<group>"; };
		6ECE89DC1AD830B800BE8FB0 /* ZukiniUtilities.swift */ = {isa = PBXFileReference; fileEncoding = 4; lastKnownFileType = sourcecode.swift; name = ZukiniUtilities.swift; path = ../Spinner2/ZukiniUtilities.swift; sourceTree = "<group>"; };
		6ED901A71AFFA7E10011D286 /* simple_renderer_AZukini.json */ = {isa = PBXFileReference; fileEncoding = 4; lastKnownFileType = text.json; path = simple_renderer_AZukini.json; sourceTree = "<group>"; };
		6EDC147A1AE41CA500C1DEA7 /* simple_renderer_LinearGradientCircle.json */ = {isa = PBXFileReference; fileEncoding = 4; lastKnownFileType = text.json; path = simple_renderer_LinearGradientCircle.json; sourceTree = "<group>"; };
		6EDCC4C81B09F8E7003C0A09 /* ZukiniRendererView.swift */ = {isa = PBXFileReference; fileEncoding = 4; lastKnownFileType = sourcecode.swift; path = ZukiniRendererView.swift; sourceTree = "<group>"; };
/* End PBXFileReference section */

/* Begin PBXFrameworksBuildPhase section */
		6EC4C40B1AC9983000314829 /* Frameworks */ = {
			isa = PBXFrameworksBuildPhase;
			buildActionMask = 2147483647;
			files = (
				6EC4C4371AC9BB6700314829 /* MovingImages.framework in Frameworks */,
			);
			runOnlyForDeploymentPostprocessing = 0;
		};
		6EC4C41B1AC9983000314829 /* Frameworks */ = {
			isa = PBXFrameworksBuildPhase;
			buildActionMask = 2147483647;
			files = (
				6EC4C4511AD02D0E00314829 /* MovingImages.framework in Frameworks */,
			);
			runOnlyForDeploymentPostprocessing = 0;
		};
		6ECE89B81AD82E6700BE8FB0 /* Frameworks */ = {
			isa = PBXFrameworksBuildPhase;
			buildActionMask = 2147483647;
			files = (
				6ECE89D81AD82E8A00BE8FB0 /* MovingImages.framework in Frameworks */,
			);
			runOnlyForDeploymentPostprocessing = 0;
		};
		6ECE89C71AD82E6700BE8FB0 /* Frameworks */ = {
			isa = PBXFrameworksBuildPhase;
			buildActionMask = 2147483647;
			files = (
				6ECE89D91AD82E8B00BE8FB0 /* MovingImages.framework in Frameworks */,
			);
			runOnlyForDeploymentPostprocessing = 0;
		};
/* End PBXFrameworksBuildPhase section */

/* Begin PBXGroup section */
		6EC4C4051AC9983000314829 = {
			isa = PBXGroup;
			children = (
				6EC4C4101AC9983000314829 /* MovingImages Demo */,
				6EC4C4211AC9983000314829 /* MovingImages DemoTests */,
				6ECE89BC1AD82E6700BE8FB0 /* Zukini Demo */,
				6ECE89CD1AD82E6700BE8FB0 /* Zukini DemoTests */,
				6EC4C40F1AC9983000314829 /* Products */,
			);
			sourceTree = "<group>";
		};
		6EC4C40F1AC9983000314829 /* Products */ = {
			isa = PBXGroup;
			children = (
				6EC4C40E1AC9983000314829 /* MovingImages Demo.app */,
				6EC4C41E1AC9983000314829 /* MovingImages DemoTests.xctest */,
				6ECE89BB1AD82E6700BE8FB0 /* Zukini Demo.app */,
				6ECE89CA1AD82E6700BE8FB0 /* Zukini DemoTests.xctest */,
			);
			name = Products;
			sourceTree = "<group>";
		};
		6EC4C4101AC9983000314829 /* MovingImages Demo */ = {
			isa = PBXGroup;
			children = (
				6E0294661B11D26200D88559 /* MovingImagesDemo.xib */,
				6EC4C4131AC9983000314829 /* AppDelegate.swift */,
				6EC4C4151AC9983000314829 /* Images.xcassets */,
				6EC4C4361AC9BB6700314829 /* MovingImages.framework */,
				6EC4C4111AC9983000314829 /* Supporting Files */,
				6E61EE0E1AF50006000DAB79 /* SpinnerController.swift */,
				6E0294751B1205BC00D88559 /* SpinnerPopover.xib */,
				6EC4C4321AC9A1A900314829 /* SimpleRenderer.swift */,
				6E02946B1B11D4DB00D88559 /* SimpleRenderer.xib */,
				6EC4C4381AC9BD6B00314829 /* SimpleRendererView.swift */,
				6E61EE171AF5004A000DAB79 /* SpinnerPopoverController.swift */,
				6ECE89DC1AD830B800BE8FB0 /* ZukiniUtilities.swift */,
			);
			path = "MovingImages Demo";
			sourceTree = "<group>";
		};
		6EC4C4111AC9983000314829 /* Supporting Files */ = {
			isa = PBXGroup;
			children = (
				6EC4C44E1ACCB77B00314829 /* drawarc.json */,
				6ED901A71AFFA7E10011D286 /* simple_renderer_AZukini.json */,
				6E0294781B12372C00D88559 /* simple_renderer_AZukiniIcon.json */,
				6E74B31E1B0F6A4B00015E68 /* simple_renderer_AZukiniLogo.json */,
				6E3FF0AE1AD1D68700AD45AD /* simple_renderer_Bluecamera.json */,
				6E61EE241AFB667F000DAB79 /* simple_renderer_DrawArc.json */,
				6E3FF0B01AD53EE500AD45AD /* simple_renderer_Fillrect.json */,
				6E3FF0B21AD544E700AD45AD /* simple_renderer_Strokeoval.json */,
				6E3FF0B61AD56C0700AD45AD /* simple_renderer_ScaleAndRotateImage.json */,
				6E3FF0B81AD5791A00AD45AD /* simple_renderer_CropImage.json */,
				6E8DE3F91AD59C660029A64D /* simple_renderer_DrawText.json */,
				6EBC3B891AD5D8730040D5DD /* simple_renderer_DrawTextInOval.json */,
				6EBC3B8B1AD5FC5B0040D5DD /* simple_renderer_DrawTextInnerShadow.json */,
				6E3FF0B41AD5646D00AD45AD /* Sculpture.jpg */,
				6EC4C4121AC9983000314829 /* Info.plist */,
				6ECE89B31AD7F0A900BE8FB0 /* simple_renderer_GradientFill.json */,
				6ECE89B51AD7F78700BE8FB0 /* simple_renderer_DrawWithTransparencyLayer.json */,
				6EA4D1741ADAAC9200A33936 /* simple_renderer_RobotArm.json */,
				6EDC147A1AE41CA500C1DEA7 /* simple_renderer_LinearGradientCircle.json */,
			);
			name = "Supporting Files";
			sourceTree = "<group>";
		};
		6EC4C4211AC9983000314829 /* MovingImages DemoTests */ = {
			isa = PBXGroup;
			children = (
				6EC4C4241AC9983000314829 /* MovingImages_DemoTests.swift */,
				6EC4C4221AC9983000314829 /* Supporting Files */,
			);
			path = "MovingImages DemoTests";
			sourceTree = "<group>";
		};
		6EC4C4221AC9983000314829 /* Supporting Files */ = {
			isa = PBXGroup;
			children = (
				6EC4C4231AC9983000314829 /* Info.plist */,
			);
			name = "Supporting Files";
			sourceTree = "<group>";
		};
		6ECE89BC1AD82E6700BE8FB0 /* Zukini Demo */ = {
			isa = PBXGroup;
			children = (
				6ECE89BF1AD82E6700BE8FB0 /* AppDelegate.swift */,
				6ECE89C11AD82E6700BE8FB0 /* Images.xcassets */,
				6E5CBB611B023E9D00BF8FB7 /* ZukiniDemo.xib */,
				6E5CBB5B1B0239D200BF8FB7 /* ZukiniDemoController.swift */,
				6EDCC4C81B09F8E7003C0A09 /* ZukiniRendererView.swift */,
				6ECE89C31AD82E6700BE8FB0 /* MainMenu.xib */,
				6ECE89BD1AD82E6700BE8FB0 /* Supporting Files */,
			);
			path = "Zukini Demo";
			sourceTree = "<group>";
		};
		6ECE89BD1AD82E6700BE8FB0 /* Supporting Files */ = {
			isa = PBXGroup;
			children = (
				6E02947E1B1B46A400D88559 /* Movies */,
				6E02947F1B1B46A400D88559 /* Pictures */,
				6EA6803D1B1F28DB00C88104 /* renderer_ZukiniGIF.json */,
				6E74B31C1B0CC03400015E68 /* renderer_AZukini.json */,
				6E02947A1B13CDA800D88559 /* renderer_AZukiniLogo.json */,
				6EA6803F1B2855E300C88104 /* renderer_AddZukiniLogoToMovie.json */,
				6ECE89BE1AD82E6700BE8FB0 /* Info.plist */,
			);
			name = "Supporting Files";
			sourceTree = "<group>";
		};
		6ECE89CD1AD82E6700BE8FB0 /* Zukini DemoTests */ = {
			isa = PBXGroup;
			children = (
				6ECE89D01AD82E6700BE8FB0 /* Zukini_DemoTests.swift */,
				6ECE89CE1AD82E6700BE8FB0 /* Supporting Files */,
			);
			path = "Zukini DemoTests";
			sourceTree = "<group>";
		};
		6ECE89CE1AD82E6700BE8FB0 /* Supporting Files */ = {
			isa = PBXGroup;
			children = (
				6ECE89CF1AD82E6700BE8FB0 /* Info.plist */,
			);
			name = "Supporting Files";
			sourceTree = "<group>";
		};
/* End PBXGroup section */

/* Begin PBXNativeTarget section */
		6EC4C40D1AC9983000314829 /* MovingImages Demo */ = {
			isa = PBXNativeTarget;
			buildConfigurationList = 6EC4C4281AC9983000314829 /* Build configuration list for PBXNativeTarget "MovingImages Demo" */;
			buildPhases = (
				6EC4C40A1AC9983000314829 /* Sources */,
				6EC4C40B1AC9983000314829 /* Frameworks */,
				6EC4C40C1AC9983000314829 /* Resources */,
				6EC4C43B1ACC40CC00314829 /* CopyFiles */,
			);
			buildRules = (
			);
			dependencies = (
			);
			name = "MovingImages Demo";
			productName = "MovingImages Demo";
			productReference = 6EC4C40E1AC9983000314829 /* MovingImages Demo.app */;
			productType = "com.apple.product-type.application";
		};
		6EC4C41D1AC9983000314829 /* MovingImages DemoTests */ = {
			isa = PBXNativeTarget;
			buildConfigurationList = 6EC4C42B1AC9983000314829 /* Build configuration list for PBXNativeTarget "MovingImages DemoTests" */;
			buildPhases = (
				6EC4C41A1AC9983000314829 /* Sources */,
				6EC4C41B1AC9983000314829 /* Frameworks */,
				6EC4C41C1AC9983000314829 /* Resources */,
			);
			buildRules = (
			);
			dependencies = (
				6EC4C4201AC9983000314829 /* PBXTargetDependency */,
			);
			name = "MovingImages DemoTests";
			productName = "MovingImages DemoTests";
			productReference = 6EC4C41E1AC9983000314829 /* MovingImages DemoTests.xctest */;
			productType = "com.apple.product-type.bundle.unit-test";
		};
		6ECE89BA1AD82E6700BE8FB0 /* Zukini Demo */ = {
			isa = PBXNativeTarget;
			buildConfigurationList = 6ECE89D21AD82E6700BE8FB0 /* Build configuration list for PBXNativeTarget "Zukini Demo" */;
			buildPhases = (
				6ECE89B71AD82E6700BE8FB0 /* Sources */,
				6ECE89B81AD82E6700BE8FB0 /* Frameworks */,
				6ECE89B91AD82E6700BE8FB0 /* Resources */,
				6EA4D1781ADED88100A33936 /* CopyFiles */,
			);
			buildRules = (
			);
			dependencies = (
			);
			name = "Zukini Demo";
			productName = "Zukini Demo";
			productReference = 6ECE89BB1AD82E6700BE8FB0 /* Zukini Demo.app */;
			productType = "com.apple.product-type.application";
		};
		6ECE89C91AD82E6700BE8FB0 /* Zukini DemoTests */ = {
			isa = PBXNativeTarget;
			buildConfigurationList = 6ECE89D51AD82E6700BE8FB0 /* Build configuration list for PBXNativeTarget "Zukini DemoTests" */;
			buildPhases = (
				6ECE89C61AD82E6700BE8FB0 /* Sources */,
				6ECE89C71AD82E6700BE8FB0 /* Frameworks */,
				6ECE89C81AD82E6700BE8FB0 /* Resources */,
			);
			buildRules = (
			);
			dependencies = (
				6ECE89CC1AD82E6700BE8FB0 /* PBXTargetDependency */,
			);
			name = "Zukini DemoTests";
			productName = "Zukini DemoTests";
			productReference = 6ECE89CA1AD82E6700BE8FB0 /* Zukini DemoTests.xctest */;
			productType = "com.apple.product-type.bundle.unit-test";
		};
/* End PBXNativeTarget section */

/* Begin PBXProject section */
		6EC4C4061AC9983000314829 /* Project object */ = {
			isa = PBXProject;
			attributes = {
				LastUpgradeCheck = 0630;
				ORGANIZATIONNAME = "Kevin Meaney";
				TargetAttributes = {
					6EC4C40D1AC9983000314829 = {
						CreatedOnToolsVersion = 6.3;
						DevelopmentTeam = U6TV63RN87;
					};
					6EC4C41D1AC9983000314829 = {
						CreatedOnToolsVersion = 6.3;
						TestTargetID = 6EC4C40D1AC9983000314829;
					};
					6ECE89BA1AD82E6700BE8FB0 = {
						CreatedOnToolsVersion = 6.3;
						DevelopmentTeam = U6TV63RN87;
					};
					6ECE89C91AD82E6700BE8FB0 = {
						CreatedOnToolsVersion = 6.3;
						TestTargetID = 6ECE89BA1AD82E6700BE8FB0;
					};
				};
			};
			buildConfigurationList = 6EC4C4091AC9983000314829 /* Build configuration list for PBXProject "MovingImages Demo" */;
			compatibilityVersion = "Xcode 6.3";
			developmentRegion = English;
			hasScannedForEncodings = 0;
			knownRegions = (
				en,
				Base,
			);
			mainGroup = 6EC4C4051AC9983000314829;
			productRefGroup = 6EC4C40F1AC9983000314829 /* Products */;
			projectDirPath = "";
			projectRoot = "";
			targets = (
				6EC4C40D1AC9983000314829 /* MovingImages Demo */,
				6EC4C41D1AC9983000314829 /* MovingImages DemoTests */,
				6ECE89BA1AD82E6700BE8FB0 /* Zukini Demo */,
				6ECE89C91AD82E6700BE8FB0 /* Zukini DemoTests */,
			);
		};
/* End PBXProject section */

/* Begin PBXResourcesBuildPhase section */
		6EC4C40C1AC9983000314829 /* Resources */ = {
			isa = PBXResourcesBuildPhase;
			buildActionMask = 2147483647;
			files = (
				6EC4C44F1ACCB77B00314829 /* drawarc.json in Resources */,
				6E0294791B12372C00D88559 /* simple_renderer_AZukiniIcon.json in Resources */,
				6E61EE251AFB667F000DAB79 /* simple_renderer_DrawArc.json in Resources */,
				6EDC147B1AE41CA500C1DEA7 /* simple_renderer_LinearGradientCircle.json in Resources */,
				6E3FF0B11AD53EE500AD45AD /* simple_renderer_Fillrect.json in Resources */,
				6E74B31F1B0F6A4B00015E68 /* simple_renderer_AZukiniLogo.json in Resources */,
				6E0294671B11D26200D88559 /* MovingImagesDemo.xib in Resources */,
				6EBC3B8A1AD5D8730040D5DD /* simple_renderer_DrawTextInOval.json in Resources */,
				6EBC3B8C1AD5FC5B0040D5DD /* simple_renderer_DrawTextInnerShadow.json in Resources */,
				6EC4C4161AC9983000314829 /* Images.xcassets in Resources */,
				6ECE89B41AD7F0A900BE8FB0 /* simple_renderer_GradientFill.json in Resources */,
				6E3FF0B51AD5646D00AD45AD /* Sculpture.jpg in Resources */,
				6E3FF0B91AD5791A00AD45AD /* simple_renderer_CropImage.json in Resources */,
				6ECE89B61AD7F78700BE8FB0 /* simple_renderer_DrawWithTransparencyLayer.json in Resources */,
				6E0294761B1205BC00D88559 /* SpinnerPopover.xib in Resources */,
				6E3FF0B71AD56C0700AD45AD /* simple_renderer_ScaleAndRotateImage.json in Resources */,
				6E3FF0AF1AD1D68700AD45AD /* simple_renderer_Bluecamera.json in Resources */,
				6EA4D1751ADAAC9200A33936 /* simple_renderer_RobotArm.json in Resources */,
				6E8DE3FA1AD59C660029A64D /* simple_renderer_DrawText.json in Resources */,
				6E3FF0B31AD544E700AD45AD /* simple_renderer_Strokeoval.json in Resources */,
				6E02946C1B11D4DB00D88559 /* SimpleRenderer.xib in Resources */,
			);
			runOnlyForDeploymentPostprocessing = 0;
		};
		6EC4C41C1AC9983000314829 /* Resources */ = {
			isa = PBXResourcesBuildPhase;
			buildActionMask = 2147483647;
			files = (
				6E5CBB6A1B02527C00BF8FB7 /* drawarc.json in Resources */,
			);
			runOnlyForDeploymentPostprocessing = 0;
		};
		6ECE89B91AD82E6700BE8FB0 /* Resources */ = {
			isa = PBXResourcesBuildPhase;
			buildActionMask = 2147483647;
			files = (
				6EA6803E1B1F28DB00C88104 /* renderer_ZukiniGIF.json in Resources */,
				6E0294811B1B46A400D88559 /* Pictures in Resources */,
				6E5CBB651B023FA200BF8FB7 /* drawarc.json in Resources */,
				6E0294801B1B46A400D88559 /* Movies in Resources */,
				6ECE89C21AD82E6700BE8FB0 /* Images.xcassets in Resources */,
				6E02947B1B13CDA800D88559 /* renderer_AZukiniLogo.json in Resources */,
				6E5CBB631B023E9D00BF8FB7 /* ZukiniDemo.xib in Resources */,
				6E0294771B1205BC00D88559 /* SpinnerPopover.xib in Resources */,
				6ECE89C51AD82E6700BE8FB0 /* MainMenu.xib in Resources */,
				6E5CBB661B023FC400BF8FB7 /* Sculpture.jpg in Resources */,
				6EA680401B2855E300C88104 /* renderer_AddZukiniLogoToMovie.json in Resources */,
			);
			runOnlyForDeploymentPostprocessing = 0;
		};
		6ECE89C81AD82E6700BE8FB0 /* Resources */ = {
			isa = PBXResourcesBuildPhase;
			buildActionMask = 2147483647;
			files = (
				6E5CBB6C1B0350FD00BF8FB7 /* drawarc.json in Resources */,
			);
			runOnlyForDeploymentPostprocessing = 0;
		};
/* End PBXResourcesBuildPhase section */

/* Begin PBXSourcesBuildPhase section */
		6EC4C40A1AC9983000314829 /* Sources */ = {
			isa = PBXSourcesBuildPhase;
			buildActionMask = 2147483647;
			files = (
				6EC4C4341AC9A1A900314829 /* SimpleRenderer.swift in Sources */,
				6E5CBB681B024FB700BF8FB7 /* SimpleRendererView.swift in Sources */,
				6ECE89DD1AD830B800BE8FB0 /* ZukiniUtilities.swift in Sources */,
				6EC4C4141AC9983000314829 /* AppDelegate.swift in Sources */,
				6E61EE0F1AF50006000DAB79 /* SpinnerController.swift in Sources */,
				6E61EE181AF5004A000DAB79 /* SpinnerPopoverController.swift in Sources */,
			);
			runOnlyForDeploymentPostprocessing = 0;
		};
		6EC4C41A1AC9983000314829 /* Sources */ = {
			isa = PBXSourcesBuildPhase;
			buildActionMask = 2147483647;
			files = (
				6EC4C4251AC9983000314829 /* MovingImages_DemoTests.swift in Sources */,
				6E5CBB691B02521300BF8FB7 /* SimpleRendererView.swift in Sources */,
				6EA4D1761ADE91EC00A33936 /* ZukiniUtilities.swift in Sources */,
			);
			runOnlyForDeploymentPostprocessing = 0;
		};
		6ECE89B71AD82E6700BE8FB0 /* Sources */ = {
			isa = PBXSourcesBuildPhase;
			buildActionMask = 2147483647;
			files = (
				6E5CBB5D1B0239D200BF8FB7 /* ZukiniDemoController.swift in Sources */,
				6E5CBB671B02426400BF8FB7 /* SimpleRendererView.swift in Sources */,
				6E61EE101AF50006000DAB79 /* SpinnerController.swift in Sources */,
				6EDCC4C91B09F8E7003C0A09 /* ZukiniRendererView.swift in Sources */,
				6ECE89DE1AD830B800BE8FB0 /* ZukiniUtilities.swift in Sources */,
				6E61EE191AF5004A000DAB79 /* SpinnerPopoverController.swift in Sources */,
				6ECE89C01AD82E6700BE8FB0 /* AppDelegate.swift in Sources */,
			);
			runOnlyForDeploymentPostprocessing = 0;
		};
		6ECE89C61AD82E6700BE8FB0 /* Sources */ = {
			isa = PBXSourcesBuildPhase;
			buildActionMask = 2147483647;
			files = (
				6EA4D1771ADE91ED00A33936 /* ZukiniUtilities.swift in Sources */,
				6E5CBB6B1B025B0C00BF8FB7 /* SimpleRendererView.swift in Sources */,
				6ECE89D11AD82E6700BE8FB0 /* Zukini_DemoTests.swift in Sources */,
			);
			runOnlyForDeploymentPostprocessing = 0;
		};
/* End PBXSourcesBuildPhase section */

/* Begin PBXTargetDependency section */
		6EC4C4201AC9983000314829 /* PBXTargetDependency */ = {
			isa = PBXTargetDependency;
			target = 6EC4C40D1AC9983000314829 /* MovingImages Demo */;
			targetProxy = 6EC4C41F1AC9983000314829 /* PBXContainerItemProxy */;
		};
		6ECE89CC1AD82E6700BE8FB0 /* PBXTargetDependency */ = {
			isa = PBXTargetDependency;
			target = 6ECE89BA1AD82E6700BE8FB0 /* Zukini Demo */;
			targetProxy = 6ECE89CB1AD82E6700BE8FB0 /* PBXContainerItemProxy */;
		};
/* End PBXTargetDependency section */

/* Begin PBXVariantGroup section */
		6E5CBB611B023E9D00BF8FB7 /* ZukiniDemo.xib */ = {
			isa = PBXVariantGroup;
			children = (
				6E5CBB621B023E9D00BF8FB7 /* Base */,
			);
			name = ZukiniDemo.xib;
			sourceTree = "<group>";
		};
		6ECE89C31AD82E6700BE8FB0 /* MainMenu.xib */ = {
			isa = PBXVariantGroup;
			children = (
				6ECE89C41AD82E6700BE8FB0 /* Base */,
			);
			name = MainMenu.xib;
			sourceTree = "<group>";
		};
/* End PBXVariantGroup section */

/* Begin XCBuildConfiguration section */
		6EC4C4261AC9983000314829 /* Debug */ = {
			isa = XCBuildConfiguration;
			buildSettings = {
				ALWAYS_SEARCH_USER_PATHS = NO;
				CLANG_CXX_LANGUAGE_STANDARD = "gnu++0x";
				CLANG_CXX_LIBRARY = "libc++";
				CLANG_ENABLE_MODULES = YES;
				CLANG_ENABLE_OBJC_ARC = YES;
				CLANG_WARN_BOOL_CONVERSION = YES;
				CLANG_WARN_CONSTANT_CONVERSION = YES;
				CLANG_WARN_DIRECT_OBJC_ISA_USAGE = YES_ERROR;
				CLANG_WARN_EMPTY_BODY = YES;
				CLANG_WARN_ENUM_CONVERSION = YES;
				CLANG_WARN_INT_CONVERSION = YES;
				CLANG_WARN_OBJC_ROOT_CLASS = YES_ERROR;
				CLANG_WARN_UNREACHABLE_CODE = YES;
				CLANG_WARN__DUPLICATE_METHOD_MATCH = YES;
				CODE_SIGN_IDENTITY = "Developer ID Application";
				COPY_PHASE_STRIP = NO;
				DEBUG_INFORMATION_FORMAT = dwarf;
				ENABLE_STRICT_OBJC_MSGSEND = YES;
				GCC_C_LANGUAGE_STANDARD = gnu99;
				GCC_DYNAMIC_NO_PIC = NO;
				GCC_NO_COMMON_BLOCKS = YES;
				GCC_OPTIMIZATION_LEVEL = 0;
				GCC_PREPROCESSOR_DEFINITIONS = (
					"DEBUG=1",
					"$(inherited)",
				);
				GCC_SYMBOLS_PRIVATE_EXTERN = NO;
				GCC_WARN_64_TO_32_BIT_CONVERSION = YES;
				GCC_WARN_ABOUT_RETURN_TYPE = YES_ERROR;
				GCC_WARN_UNDECLARED_SELECTOR = YES;
				GCC_WARN_UNINITIALIZED_AUTOS = YES_AGGRESSIVE;
				GCC_WARN_UNUSED_FUNCTION = YES;
				GCC_WARN_UNUSED_VARIABLE = YES;
				MACOSX_DEPLOYMENT_TARGET = 10.10;
				MTL_ENABLE_DEBUG_INFO = YES;
				ONLY_ACTIVE_ARCH = YES;
				SDKROOT = macosx;
				SWIFT_OPTIMIZATION_LEVEL = "-Onone";
			};
			name = Debug;
		};
		6EC4C4271AC9983000314829 /* Release */ = {
			isa = XCBuildConfiguration;
			buildSettings = {
				ALWAYS_SEARCH_USER_PATHS = NO;
				CLANG_CXX_LANGUAGE_STANDARD = "gnu++0x";
				CLANG_CXX_LIBRARY = "libc++";
				CLANG_ENABLE_MODULES = YES;
				CLANG_ENABLE_OBJC_ARC = YES;
				CLANG_WARN_BOOL_CONVERSION = YES;
				CLANG_WARN_CONSTANT_CONVERSION = YES;
				CLANG_WARN_DIRECT_OBJC_ISA_USAGE = YES_ERROR;
				CLANG_WARN_EMPTY_BODY = YES;
				CLANG_WARN_ENUM_CONVERSION = YES;
				CLANG_WARN_INT_CONVERSION = YES;
				CLANG_WARN_OBJC_ROOT_CLASS = YES_ERROR;
				CLANG_WARN_UNREACHABLE_CODE = YES;
				CLANG_WARN__DUPLICATE_METHOD_MATCH = YES;
				CODE_SIGN_IDENTITY = "Developer ID Application";
				COPY_PHASE_STRIP = NO;
				DEBUG_INFORMATION_FORMAT = "dwarf-with-dsym";
				ENABLE_NS_ASSERTIONS = NO;
				ENABLE_STRICT_OBJC_MSGSEND = YES;
				GCC_C_LANGUAGE_STANDARD = gnu99;
				GCC_NO_COMMON_BLOCKS = YES;
				GCC_WARN_64_TO_32_BIT_CONVERSION = YES;
				GCC_WARN_ABOUT_RETURN_TYPE = YES_ERROR;
				GCC_WARN_UNDECLARED_SELECTOR = YES;
				GCC_WARN_UNINITIALIZED_AUTOS = YES_AGGRESSIVE;
				GCC_WARN_UNUSED_FUNCTION = YES;
				GCC_WARN_UNUSED_VARIABLE = YES;
				MACOSX_DEPLOYMENT_TARGET = 10.10;
				MTL_ENABLE_DEBUG_INFO = NO;
				SDKROOT = macosx;
			};
			name = Release;
		};
		6EC4C4291AC9983000314829 /* Debug */ = {
			isa = XCBuildConfiguration;
			buildSettings = {
				ASSETCATALOG_COMPILER_APPICON_NAME = AppIcon;
				CODE_SIGN_IDENTITY = "Developer ID Application";
				COMBINE_HIDPI_IMAGES = YES;
				FRAMEWORK_SEARCH_PATHS = (
					"$(inherited)",
					"\"$(PROJECT_DIR)/MovingImages Demo\"",
				);
				INFOPLIST_FILE = "MovingImages Demo/Info.plist";
				LD_RUNPATH_SEARCH_PATHS = "$(inherited) @loader_path/../Frameworks";
				PRODUCT_NAME = "$(TARGET_NAME)";
			};
			name = Debug;
		};
		6EC4C42A1AC9983000314829 /* Release */ = {
			isa = XCBuildConfiguration;
			buildSettings = {
				ASSETCATALOG_COMPILER_APPICON_NAME = AppIcon;
				CODE_SIGN_IDENTITY = "Developer ID Application";
				COMBINE_HIDPI_IMAGES = YES;
				FRAMEWORK_SEARCH_PATHS = (
					"$(inherited)",
					"\"$(PROJECT_DIR)/MovingImages Demo\"",
				);
				INFOPLIST_FILE = "MovingImages Demo/Info.plist";
				LD_RUNPATH_SEARCH_PATHS = "$(inherited) @loader_path/../Frameworks";
				PRODUCT_NAME = "$(TARGET_NAME)";
			};
			name = Release;
		};
		6EC4C42C1AC9983000314829 /* Debug */ = {
			isa = XCBuildConfiguration;
			buildSettings = {
				BUNDLE_LOADER = "$(TEST_HOST)";
				COMBINE_HIDPI_IMAGES = YES;
				FRAMEWORK_SEARCH_PATHS = (
					"$(DEVELOPER_FRAMEWORKS_DIR)",
					"$(inherited)",
					"\"$(PROJECT_DIR)/MovingImages Demo\"",
				);
				GCC_PREPROCESSOR_DEFINITIONS = (
					"DEBUG=1",
					"$(inherited)",
				);
				INFOPLIST_FILE = "MovingImages DemoTests/Info.plist";
				LD_RUNPATH_SEARCH_PATHS = "$(inherited) @loader_path/../Frameworks";
				PRODUCT_NAME = "$(TARGET_NAME)";
				TEST_HOST = "$(BUILT_PRODUCTS_DIR)/MovingImages Demo.app/Contents/MacOS/MovingImages Demo";
			};
			name = Debug;
		};
		6EC4C42D1AC9983000314829 /* Release */ = {
			isa = XCBuildConfiguration;
			buildSettings = {
				BUNDLE_LOADER = "$(TEST_HOST)";
				COMBINE_HIDPI_IMAGES = YES;
				FRAMEWORK_SEARCH_PATHS = (
					"$(DEVELOPER_FRAMEWORKS_DIR)",
					"$(inherited)",
					"\"$(PROJECT_DIR)/MovingImages Demo\"",
				);
				INFOPLIST_FILE = "MovingImages DemoTests/Info.plist";
				LD_RUNPATH_SEARCH_PATHS = "$(inherited) @loader_path/../Frameworks";
				PRODUCT_NAME = "$(TARGET_NAME)";
				TEST_HOST = "$(BUILT_PRODUCTS_DIR)/MovingImages Demo.app/Contents/MacOS/MovingImages Demo";
			};
			name = Release;
		};
		6ECE89D31AD82E6700BE8FB0 /* Debug */ = {
			isa = XCBuildConfiguration;
			buildSettings = {
				ASSETCATALOG_COMPILER_APPICON_NAME = AppIcon;
				CODE_SIGN_IDENTITY = "Developer ID Application";
				COMBINE_HIDPI_IMAGES = YES;
				FRAMEWORK_SEARCH_PATHS = (
					"$(inherited)",
					"\"$(PROJECT_DIR)/MovingImages Demo\"",
				);
				GCC_PREPROCESSOR_DEFINITIONS = (
					"DEBUG=1",
					"$(inherited)",
				);
				INFOPLIST_FILE = "Zukini Demo/Info.plist";
				LD_RUNPATH_SEARCH_PATHS = "$(inherited) @loader_path/../Frameworks";
				PRODUCT_NAME = "$(TARGET_NAME)";
			};
			name = Debug;
		};
		6ECE89D41AD82E6700BE8FB0 /* Release */ = {
			isa = XCBuildConfiguration;
			buildSettings = {
				ASSETCATALOG_COMPILER_APPICON_NAME = AppIcon;
				CODE_SIGN_IDENTITY = "Developer ID Application";
				COMBINE_HIDPI_IMAGES = YES;
				FRAMEWORK_SEARCH_PATHS = (
					"$(inherited)",
					"\"$(PROJECT_DIR)/MovingImages Demo\"",
				);
				INFOPLIST_FILE = "Zukini Demo/Info.plist";
				LD_RUNPATH_SEARCH_PATHS = "$(inherited) @loader_path/../Frameworks";
				PRODUCT_NAME = "$(TARGET_NAME)";
			};
			name = Release;
		};
		6ECE89D61AD82E6700BE8FB0 /* Debug */ = {
			isa = XCBuildConfiguration;
			buildSettings = {
				BUNDLE_LOADER = "$(TEST_HOST)";
				COMBINE_HIDPI_IMAGES = YES;
				FRAMEWORK_SEARCH_PATHS = (
					"$(DEVELOPER_FRAMEWORKS_DIR)",
					"$(inherited)",
					"\"$(PROJECT_DIR)/MovingImages Demo\"",
				);
				GCC_PREPROCESSOR_DEFINITIONS = (
					"DEBUG=1",
					"$(inherited)",
				);
				INFOPLIST_FILE = "Zukini DemoTests/Info.plist";
				LD_RUNPATH_SEARCH_PATHS = "$(inherited) @loader_path/../Frameworks";
				PRODUCT_NAME = "$(TARGET_NAME)";
				TEST_HOST = "$(BUILT_PRODUCTS_DIR)/Zukini Demo.app/Contents/MacOS/Zukini Demo";
			};
			name = Debug;
		};
		6ECE89D71AD82E6700BE8FB0 /* Release */ = {
			isa = XCBuildConfiguration;
			buildSettings = {
				BUNDLE_LOADER = "$(TEST_HOST)";
				COMBINE_HIDPI_IMAGES = YES;
				FRAMEWORK_SEARCH_PATHS = (
					"$(DEVELOPER_FRAMEWORKS_DIR)",
					"$(inherited)",
					"\"$(PROJECT_DIR)/MovingImages Demo\"",
				);
				INFOPLIST_FILE = "Zukini DemoTests/Info.plist";
				LD_RUNPATH_SEARCH_PATHS = "$(inherited) @loader_path/../Frameworks";
				PRODUCT_NAME = "$(TARGET_NAME)";
				TEST_HOST = "$(BUILT_PRODUCTS_DIR)/Zukini Demo.app/Contents/MacOS/Zukini Demo";
			};
			name = Release;
		};
/* End XCBuildConfiguration section */

/* Begin XCConfigurationList section */
		6EC4C4091AC9983000314829 /* Build configuration list for PBXProject "MovingImages Demo" */ = {
			isa = XCConfigurationList;
			buildConfigurations = (
				6EC4C4261AC9983000314829 /* Debug */,
				6EC4C4271AC9983000314829 /* Release */,
			);
			defaultConfigurationIsVisible = 0;
			defaultConfigurationName = Release;
		};
		6EC4C4281AC9983000314829 /* Build configuration list for PBXNativeTarget "MovingImages Demo" */ = {
			isa = XCConfigurationList;
			buildConfigurations = (
				6EC4C4291AC9983000314829 /* Debug */,
				6EC4C42A1AC9983000314829 /* Release */,
			);
			defaultConfigurationIsVisible = 0;
			defaultConfigurationName = Release;
		};
		6EC4C42B1AC9983000314829 /* Build configuration list for PBXNativeTarget "MovingImages DemoTests" */ = {
			isa = XCConfigurationList;
			buildConfigurations = (
				6EC4C42C1AC9983000314829 /* Debug */,
				6EC4C42D1AC9983000314829 /* Release */,
			);
			defaultConfigurationIsVisible = 0;
			defaultConfigurationName = Release;
		};
		6ECE89D21AD82E6700BE8FB0 /* Build configuration list for PBXNativeTarget "Zukini Demo" */ = {
			isa = XCConfigurationList;
			buildConfigurations = (
				6ECE89D31AD82E6700BE8FB0 /* Debug */,
				6ECE89D41AD82E6700BE8FB0 /* Release */,
			);
			defaultConfigurationIsVisible = 0;
			defaultConfigurationName = Release;
		};
		6ECE89D51AD82E6700BE8FB0 /* Build configuration list for PBXNativeTarget "Zukini DemoTests" */ = {
			isa = XCConfigurationList;
			buildConfigurations = (
				6ECE89D61AD82E6700BE8FB0 /* Debug */,
				6ECE89D71AD82E6700BE8FB0 /* Release */,
			);
			defaultConfigurationIsVisible = 0;
			defaultConfigurationName = Release;
		};
/* End XCConfigurationList section */
	};
	rootObject = 6EC4C4061AC9983000314829 /* Project object */;
}
